
Microsoft Visual Studio Solution File, Format Version 12.00
# Visual Studio Version 16
VisualStudioVersion = 16.0.29926.136
MinimumVisualStudioVersion = 10.0.40219.1
Project("{FAE04EC0-301F-11D3-BF4B-00C04F79EFBC}") = "nop", "nop\nop.csproj", "{9F699C02-F910-4873-A6FA-7093ED71329D}"
EndProject
Project("{2150E333-8FDC-42A3-9474-1A3956D46DE8}") = "A4Tech X7 Oscar Actions", "A4Tech X7 Oscar Actions", "{AF4E6A8F-738D-4BFF-BB91-33F2CD8529A0}"
EndProject
Project("{FAE04EC0-301F-11D3-BF4B-00C04F79EFBC}") = "x7button7", "x7button7\x7button7.csproj", "{285F4C20-4F11-4FA0-8419-36B5A042A3E3}"
EndProject
Project("{FAE04EC0-301F-11D3-BF4B-00C04F79EFBC}") = "naturesound", "naturesound\naturesound.csproj", "{BFE73387-B540-4E27-AA0F-6A8FF3582A1B}"
EndProject
Project("{2150E333-8FDC-42A3-9474-1A3956D46DE8}") = "Architecture", "Architecture", "{F70F2F95-D157-45F6-A26C-87CF5A755C22}"
EndProject
Project("{FAE04EC0-301F-11D3-BF4B-00C04F79EFBC}") = "Andrique.Utils.Common", "Andrique.Utils.Common\Andrique.Utils.Common.csproj", "{A12B17F9-04A6-48AF-B160-0CB85DC0227D}"
EndProject
Project("{2150E333-8FDC-42A3-9474-1A3956D46DE8}") = "General", "General", "{871BB460-EA98-4C04-9E75-45E5479EC64A}"
EndProject
Project("{FAE04EC0-301F-11D3-BF4B-00C04F79EFBC}") = "sshooter", "sshooter\sshooter.csproj", "{E3E70F75-FED4-4EF5-A3AD-0153AD77BF9A}"
EndProject
Project("{FAE04EC0-301F-11D3-BF4B-00C04F79EFBC}") = "rasync", "rasync\rasync.csproj", "{6ACB69A1-6CDA-4A27-9F9D-3064043BE604}"
EndProject
Project("{FAE04EC0-301F-11D3-BF4B-00C04F79EFBC}") = "_cleanup", "_cleanup\_cleanup.csproj", "{F4FDF090-2C5F-49CF-B00D-5D7E6881E154}"
EndProject
Project("{FAE04EC0-301F-11D3-BF4B-00C04F79EFBC}") = "unupdater", "unupdater\unupdater.csproj", "{48C1EB76-1209-413A-9E40-363AE2032EDE}"
EndProject
Project("{FAE04EC0-301F-11D3-BF4B-00C04F79EFBC}") = "disturb", "disturb\disturb.csproj", "{6338ABF0-95CF-4E27-8C24-5680ACC20C44}"
EndProject
Project("{FAE04EC0-301F-11D3-BF4B-00C04F79EFBC}") = "Andrique.Shell", "Andrique.Shell\Andrique.Shell.csproj", "{1C646BD9-7853-40E7-B5D7-0ECA7F2E884A}"
EndProject
Project("{FAE04EC0-301F-11D3-BF4B-00C04F79EFBC}") = "x7daemon", "x7daemon\x7daemon.csproj", "{BA4D6C9B-8D96-497F-A805-F29C97B1601B}"
EndProject
Project("{FAE04EC0-301F-11D3-BF4B-00C04F79EFBC}") = "ConsoleApp1", "ConsoleApp1\ConsoleApp1.csproj", "{1B8EFAC9-24C5-4D6D-8799-E10D9CC408B4}"
EndProject
Global
	GlobalSection(SolutionConfigurationPlatforms) = preSolution
		debug|Any CPU = debug|Any CPU
		release|Any CPU = release|Any CPU
	EndGlobalSection
	GlobalSection(ProjectConfigurationPlatforms) = postSolution
		{9F699C02-F910-4873-A6FA-7093ED71329D}.debug|Any CPU.ActiveCfg = debug|Any CPU
		{9F699C02-F910-4873-A6FA-7093ED71329D}.release|Any CPU.ActiveCfg = release|Any CPU
		{9F699C02-F910-4873-A6FA-7093ED71329D}.release|Any CPU.Build.0 = release|Any CPU
		{285F4C20-4F11-4FA0-8419-36B5A042A3E3}.debug|Any CPU.ActiveCfg = debug|Any CPU
		{285F4C20-4F11-4FA0-8419-36B5A042A3E3}.debug|Any CPU.Build.0 = debug|Any CPU
		{285F4C20-4F11-4FA0-8419-36B5A042A3E3}.release|Any CPU.ActiveCfg = release|Any CPU
		{285F4C20-4F11-4FA0-8419-36B5A042A3E3}.release|Any CPU.Build.0 = release|Any CPU
		{BFE73387-B540-4E27-AA0F-6A8FF3582A1B}.debug|Any CPU.ActiveCfg = debug|Any CPU
		{BFE73387-B540-4E27-AA0F-6A8FF3582A1B}.release|Any CPU.ActiveCfg = release|Any CPU
		{BFE73387-B540-4E27-AA0F-6A8FF3582A1B}.release|Any CPU.Build.0 = release|Any CPU
		{A12B17F9-04A6-48AF-B160-0CB85DC0227D}.debug|Any CPU.ActiveCfg = debug|Any CPU
		{A12B17F9-04A6-48AF-B160-0CB85DC0227D}.debug|Any CPU.Build.0 = debug|Any CPU
		{A12B17F9-04A6-48AF-B160-0CB85DC0227D}.release|Any CPU.ActiveCfg = release|Any CPU
		{A12B17F9-04A6-48AF-B160-0CB85DC0227D}.release|Any CPU.Build.0 = release|Any CPU
		{E3E70F75-FED4-4EF5-A3AD-0153AD77BF9A}.debug|Any CPU.ActiveCfg = debug|Any CPU
		{E3E70F75-FED4-4EF5-A3AD-0153AD77BF9A}.release|Any CPU.ActiveCfg = release|Any CPU
		{E3E70F75-FED4-4EF5-A3AD-0153AD77BF9A}.release|Any CPU.Build.0 = release|Any CPU
		{6ACB69A1-6CDA-4A27-9F9D-3064043BE604}.debug|Any CPU.ActiveCfg = debug|Any CPU
		{6ACB69A1-6CDA-4A27-9F9D-3064043BE604}.release|Any CPU.ActiveCfg = release|Any CPU
		{6ACB69A1-6CDA-4A27-9F9D-3064043BE604}.release|Any CPU.Build.0 = release|Any CPU
		{F4FDF090-2C5F-49CF-B00D-5D7E6881E154}.debug|Any CPU.ActiveCfg = debug|Any CPU
		{F4FDF090-2C5F-49CF-B00D-5D7E6881E154}.debug|Any CPU.Build.0 = debug|Any CPU
		{F4FDF090-2C5F-49CF-B00D-5D7E6881E154}.release|Any CPU.ActiveCfg = release|Any CPU
		{F4FDF090-2C5F-49CF-B00D-5D7E6881E154}.release|Any CPU.Build.0 = release|Any CPU
		{48C1EB76-1209-413A-9E40-363AE2032EDE}.debug|Any CPU.ActiveCfg = debug|Any CPU
		{48C1EB76-1209-413A-9E40-363AE2032EDE}.debug|Any CPU.Build.0 = debug|Any CPU
		{48C1EB76-1209-413A-9E40-363AE2032EDE}.release|Any CPU.ActiveCfg = release|Any CPU
		{48C1EB76-1209-413A-9E40-363AE2032EDE}.release|Any CPU.Build.0 = release|Any CPU
		{6338ABF0-95CF-4E27-8C24-5680ACC20C44}.debug|Any CPU.ActiveCfg = debug|Any CPU
		{6338ABF0-95CF-4E27-8C24-5680ACC20C44}.debug|Any CPU.Build.0 = debug|Any CPU
		{6338ABF0-95CF-4E27-8C24-5680ACC20C44}.release|Any CPU.ActiveCfg = release|Any CPU
		{6338ABF0-95CF-4E27-8C24-5680ACC20C44}.release|Any CPU.Build.0 = release|Any CPU
		{1C646BD9-7853-40E7-B5D7-0ECA7F2E884A}.debug|Any CPU.ActiveCfg = Debug|Any CPU
		{1C646BD9-7853-40E7-B5D7-0ECA7F2E884A}.debug|Any CPU.Build.0 = Debug|Any CPU
		{1C646BD9-7853-40E7-B5D7-0ECA7F2E884A}.release|Any CPU.ActiveCfg = Release|Any CPU
		{1C646BD9-7853-40E7-B5D7-0ECA7F2E884A}.release|Any CPU.Build.0 = Release|Any CPU
		{BA4D6C9B-8D96-497F-A805-F29C97B1601B}.debug|Any CPU.ActiveCfg = Debug|Any CPU
		{BA4D6C9B-8D96-497F-A805-F29C97B1601B}.debug|Any CPU.Build.0 = Debug|Any CPU
		{BA4D6C9B-8D96-497F-A805-F29C97B1601B}.release|Any CPU.ActiveCfg = Release|Any CPU
		{BA4D6C9B-8D96-497F-A805-F29C97B1601B}.release|Any CPU.Build.0 = Release|Any CPU
		{1B8EFAC9-24C5-4D6D-8799-E10D9CC408B4}.debug|Any CPU.ActiveCfg = Debug|Any CPU
		{1B8EFAC9-24C5-4D6D-8799-E10D9CC408B4}.debug|Any CPU.Build.0 = Debug|Any CPU
		{1B8EFAC9-24C5-4D6D-8799-E10D9CC408B4}.release|Any CPU.ActiveCfg = Release|Any CPU
		{1B8EFAC9-24C5-4D6D-8799-E10D9CC408B4}.release|Any CPU.Build.0 = Release|Any CPU
	EndGlobalSection
	GlobalSection(SolutionProperties) = preSolution
		HideSolutionNode = FALSE
	EndGlobalSection
	GlobalSection(NestedProjects) = preSolution
		{285F4C20-4F11-4FA0-8419-36B5A042A3E3} = {AF4E6A8F-738D-4BFF-BB91-33F2CD8529A0}
		{A12B17F9-04A6-48AF-B160-0CB85DC0227D} = {871BB460-EA98-4C04-9E75-45E5479EC64A}
		{BA4D6C9B-8D96-497F-A805-F29C97B1601B} = {AF4E6A8F-738D-4BFF-BB91-33F2CD8529A0}
	EndGlobalSection
	GlobalSection(ExtensibilityGlobals) = postSolution
		SolutionGuid = {B0D47FFC-ACC7-4B6D-A757-EE8EED3A5781}
	EndGlobalSection
	GlobalSection(MonoDevelopProperties) = preSolution
		StartupItem = kk.torrentsync\kk.torrentsync.csproj
	EndGlobalSection
EndGlobal
